// !$*UTF8*$!
{
	archiveVersion = 1;
	classes = {
	};
	objectVersion = 46;
	objects = {

/* Begin PBXBuildFile section */
		2C6018A21E97702E00B112A9 /* libMPEG2Stream.c in Sources */ = {isa = PBXBuildFile; fileRef = 2C6018A11E97702E00B112A9 /* libMPEG2Stream.c */; };
		2C719ACB1E84114000EB6ECA /* libMPEG2Stream.h in Headers */ = {isa = PBXBuildFile; fileRef = 2C719AC81E84114000EB6ECA /* libMPEG2Stream.h */; };
		2C719ACC1E84114000EB6ECA /* libMPEG2StreamTables.h in Headers */ = {isa = PBXBuildFile; fileRef = 2C719AC91E84114000EB6ECA /* libMPEG2StreamTables.h */; };
		2C719ACD1E84114000EB6ECA /* MPEG2StreamTypes.h in Headers */ = {isa = PBXBuildFile; fileRef = 2C719ACA1E84114000EB6ECA /* MPEG2StreamTypes.h */; };
		2C719ACF1E84114F00EB6ECA /* DemuxMPEG2Stream.h in Headers */ = {isa = PBXBuildFile; fileRef = 2C719ACE1E84114F00EB6ECA /* DemuxMPEG2Stream.h */; };
		2C719AD11E84115B00EB6ECA /* MuxMPEG2Stream.h in Headers */ = {isa = PBXBuildFile; fileRef = 2C719AD01E84115B00EB6ECA /* MuxMPEG2Stream.h */; };
		2C719AD31E84117000EB6ECA /* DemuxMPEG2Stream.c in Sources */ = {isa = PBXBuildFile; fileRef = 2C719AD21E84117000EB6ECA /* DemuxMPEG2Stream.c */; };
		2C719AD51E84117800EB6ECA /* MuxMPEG2Stream.c in Sources */ = {isa = PBXBuildFile; fileRef = 2C719AD41E84117800EB6ECA /* MuxMPEG2Stream.c */; };
/* End PBXBuildFile section */

/* Begin PBXContainerItemProxy section */
		2CAD4AF32064F67F00F14B93 /* PBXContainerItemProxy */ = {
			isa = PBXContainerItemProxy;
			containerPortal = 2CAD4AEF2064F67F00F14B93 /* FoundationIO.xcodeproj */;
			proxyType = 2;
			remoteGlobalIDString = 2CB774FF2036200700C0F8DB;
			remoteInfo = FoundationIO;
		};
/* End PBXContainerItemProxy section */

/* Begin PBXFileReference section */
		2C4C54201E37608000F71507 /* libMPEG2Stream.a */ = {isa = PBXFileReference; explicitFileType = archive.ar; includeInIndex = 0; path = libMPEG2Stream.a; sourceTree = BUILT_PRODUCTS_DIR; };
		2C6018A11E97702E00B112A9 /* libMPEG2Stream.c */ = {isa = PBXFileReference; fileEncoding = 4; lastKnownFileType = sourcecode.c.c; name = libMPEG2Stream.c; path = ../libMPEG2Stream/src/libMPEG2Stream.c; sourceTree = "<group>"; };
		2C719AC81E84114000EB6ECA /* libMPEG2Stream.h */ = {isa = PBXFileReference; fileEncoding = 4; lastKnownFileType = sourcecode.c.h; name = libMPEG2Stream.h; path = ../libMPEG2Stream/include/libMPEG2Stream.h; sourceTree = "<group>"; };
		2C719AC91E84114000EB6ECA /* libMPEG2StreamTables.h */ = {isa = PBXFileReference; fileEncoding = 4; lastKnownFileType = sourcecode.c.h; name = libMPEG2StreamTables.h; path = ../libMPEG2Stream/include/libMPEG2StreamTables.h; sourceTree = "<group>"; };
		2C719ACA1E84114000EB6ECA /* MPEG2StreamTypes.h */ = {isa = PBXFileReference; fileEncoding = 4; lastKnownFileType = sourcecode.c.h; name = MPEG2StreamTypes.h; path = ../libMPEG2Stream/include/MPEG2StreamTypes.h; sourceTree = "<group>"; };
		2C719ACE1E84114F00EB6ECA /* DemuxMPEG2Stream.h */ = {isa = PBXFileReference; fileEncoding = 4; lastKnownFileType = sourcecode.c.h; name = DemuxMPEG2Stream.h; path = ../libMPEG2Stream/include/Demuxer/DemuxMPEG2Stream.h; sourceTree = "<group>"; };
		2C719AD01E84115B00EB6ECA /* MuxMPEG2Stream.h */ = {isa = PBXFileReference; fileEncoding = 4; lastKnownFileType = sourcecode.c.h; name = MuxMPEG2Stream.h; path = ../libMPEG2Stream/include/Muxer/MuxMPEG2Stream.h; sourceTree = "<group>"; };
		2C719AD21E84117000EB6ECA /* DemuxMPEG2Stream.c */ = {isa = PBXFileReference; fileEncoding = 4; lastKnownFileType = sourcecode.c.c; name = DemuxMPEG2Stream.c; path = ../libMPEG2Stream/src/Demuxer/DemuxMPEG2Stream.c; sourceTree = "<group>"; };
		2C719AD41E84117800EB6ECA /* MuxMPEG2Stream.c */ = {isa = PBXFileReference; fileEncoding = 4; lastKnownFileType = sourcecode.c.c; name = MuxMPEG2Stream.c; path = ../libMPEG2Stream/src/Muxer/MuxMPEG2Stream.c; sourceTree = "<group>"; };
		2CAD4AEF2064F67F00F14B93 /* FoundationIO.xcodeproj */ = {isa = PBXFileReference; lastKnownFileType = "wrapper.pb-project"; name = FoundationIO.xcodeproj; path = ../Dependencies/FoundationIO/Projects/FoundationIO.xcodeproj; sourceTree = "<group>"; };
/* End PBXFileReference section */

/* Begin PBXFrameworksBuildPhase section */
		2C4C541D1E37608000F71507 /* Frameworks */ = {
			isa = PBXFrameworksBuildPhase;
			buildActionMask = 2147483647;
			files = (
			);
			runOnlyForDeploymentPostprocessing = 0;
		};
/* End PBXFrameworksBuildPhase section */

/* Begin PBXGroup section */
		2C03FC6B1E850AE70075BA8C /* Dependencies */ = {
			isa = PBXGroup;
			children = (
				2CAD4AEF2064F67F00F14B93 /* FoundationIO.xcodeproj */,
			);
			name = Dependencies;
			sourceTree = "<group>";
		};
		2C09AAF11E2C37850050540F = {
			isa = PBXGroup;
			children = (
				2C03FC6B1E850AE70075BA8C /* Dependencies */,
				2C09AB011E2C378A0050540F /* MPEG2Stream */,
				2C09AAFB1E2C37850050540F /* Products */,
			);
			sourceTree = "<group>";
		};
		2C09AAFB1E2C37850050540F /* Products */ = {
			isa = PBXGroup;
			children = (
				2C4C54201E37608000F71507 /* libMPEG2Stream.a */,
			);
			name = Products;
			sourceTree = "<group>";
		};
		2C09AB011E2C378A0050540F /* MPEG2Stream */ = {
			isa = PBXGroup;
			children = (
				2C09AB031E2C379F0050540F /* Headers */,
				2C09AB021E2C37990050540F /* Source */,
			);
			name = MPEG2Stream;
			sourceTree = "<group>";
		};
		2C09AB021E2C37990050540F /* Source */ = {
			isa = PBXGroup;
			children = (
				2C6018A11E97702E00B112A9 /* libMPEG2Stream.c */,
				2C719AC41E840FA000EB6ECA /* Demuxer */,
				2C719AC51E840FA700EB6ECA /* Muxer */,
			);
			name = Source;
			sourceTree = "<group>";
		};
		2C09AB031E2C379F0050540F /* Headers */ = {
			isa = PBXGroup;
			children = (
				2C719AC31E840F8D00EB6ECA /* Demuxer */,
				2C719AC21E840F8500EB6ECA /* Muxer */,
				2C719AC81E84114000EB6ECA /* libMPEG2Stream.h */,
				2C719AC91E84114000EB6ECA /* libMPEG2StreamTables.h */,
				2C719ACA1E84114000EB6ECA /* MPEG2StreamTypes.h */,
			);
			name = Headers;
			sourceTree = "<group>";
		};
		2C719AC21E840F8500EB6ECA /* Muxer */ = {
			isa = PBXGroup;
			children = (
				2C719AD01E84115B00EB6ECA /* MuxMPEG2Stream.h */,
			);
			name = Muxer;
			sourceTree = "<group>";
		};
		2C719AC31E840F8D00EB6ECA /* Demuxer */ = {
			isa = PBXGroup;
			children = (
				2C719ACE1E84114F00EB6ECA /* DemuxMPEG2Stream.h */,
			);
			name = Demuxer;
			sourceTree = "<group>";
		};
		2C719AC41E840FA000EB6ECA /* Demuxer */ = {
			isa = PBXGroup;
			children = (
				2C719AD21E84117000EB6ECA /* DemuxMPEG2Stream.c */,
			);
			name = Demuxer;
			sourceTree = "<group>";
		};
		2C719AC51E840FA700EB6ECA /* Muxer */ = {
			isa = PBXGroup;
			children = (
				2C719AD41E84117800EB6ECA /* MuxMPEG2Stream.c */,
			);
			name = Muxer;
			sourceTree = "<group>";
		};
		2CAD4AF02064F67F00F14B93 /* Products */ = {
			isa = PBXGroup;
			children = (
				2CAD4AF42064F67F00F14B93 /* libFoundationIO.a */,
			);
			name = Products;
			sourceTree = "<group>";
		};
/* End PBXGroup section */

/* Begin PBXHeadersBuildPhase section */
		2C4C541E1E37608000F71507 /* Headers */ = {
			isa = PBXHeadersBuildPhase;
			buildActionMask = 2147483647;
			files = (
				2C719ACC1E84114000EB6ECA /* libMPEG2StreamTables.h in Headers */,
				2C719ACD1E84114000EB6ECA /* MPEG2StreamTypes.h in Headers */,
				2C719AD11E84115B00EB6ECA /* MuxMPEG2Stream.h in Headers */,
				2C719ACF1E84114F00EB6ECA /* DemuxMPEG2Stream.h in Headers */,
				2C719ACB1E84114000EB6ECA /* libMPEG2Stream.h in Headers */,
			);
			runOnlyForDeploymentPostprocessing = 0;
		};
/* End PBXHeadersBuildPhase section */

/* Begin PBXNativeTarget section */
		2C4C541F1E37608000F71507 /* libMPEG2Stream */ = {
			isa = PBXNativeTarget;
			buildConfigurationList = 2C4C54211E37608000F71507 /* Build configuration list for PBXNativeTarget "libMPEG2Stream" */;
			buildPhases = (
				2C4C541C1E37608000F71507 /* Sources */,
				2C4C541D1E37608000F71507 /* Frameworks */,
				2C4C541E1E37608000F71507 /* Headers */,
			);
			buildRules = (
			);
			dependencies = (
			);
			name = libMPEG2Stream;
			productName = libMPEG2Stream;
			productReference = 2C4C54201E37608000F71507 /* libMPEG2Stream.a */;
			productType = "com.apple.product-type.library.static";
		};
/* End PBXNativeTarget section */

/* Begin PBXProject section */
		2C09AAF21E2C37850050540F /* Project object */ = {
			isa = PBXProject;
			attributes = {
				LastUpgradeCheck = 0920;
				ORGANIZATIONNAME = "Marcus Johnson";
				TargetAttributes = {
					2C4C541F1E37608000F71507 = {
						CreatedOnToolsVersion = 8.2.1;
						DevelopmentTeam = 628J9L7WK5;
						ProvisioningStyle = Automatic;
					};
				};
			};
			buildConfigurationList = 2C09AAF51E2C37850050540F /* Build configuration list for PBXProject "libMPEG2Stream" */;
			compatibilityVersion = "Xcode 3.2";
			developmentRegion = English;
			hasScannedForEncodings = 0;
			knownRegions = (
				en,
			);
			mainGroup = 2C09AAF11E2C37850050540F;
			productRefGroup = 2C09AAFB1E2C37850050540F /* Products */;
			projectDirPath = "";
			projectReferences = (
				{
					ProductGroup = 2CAD4AF02064F67F00F14B93 /* Products */;
					ProjectRef = 2CAD4AEF2064F67F00F14B93 /* FoundationIO.xcodeproj */;
				},
			);
			projectRoot = "";
			targets = (
				2C4C541F1E37608000F71507 /* libMPEG2Stream */,
			);
		};
/* End PBXProject section */

/* Begin PBXReferenceProxy section */
		2CAD4AF42064F67F00F14B93 /* libFoundationIO.a */ = {
			isa = PBXReferenceProxy;
			fileType = archive.ar;
			path = libFoundationIO.a;
			remoteRef = 2CAD4AF32064F67F00F14B93 /* PBXContainerItemProxy */;
			sourceTree = BUILT_PRODUCTS_DIR;
		};
/* End PBXReferenceProxy section */

/* Begin PBXSourcesBuildPhase section */
		2C4C541C1E37608000F71507 /* Sources */ = {
			isa = PBXSourcesBuildPhase;
			buildActionMask = 2147483647;
			files = (
				2C719AD51E84117800EB6ECA /* MuxMPEG2Stream.c in Sources */,
				2C6018A21E97702E00B112A9 /* libMPEG2Stream.c in Sources */,
				2C719AD31E84117000EB6ECA /* DemuxMPEG2Stream.c in Sources */,
			);
			runOnlyForDeploymentPostprocessing = 0;
		};
/* End PBXSourcesBuildPhase section */

/* Begin XCBuildConfiguration section */
		2C09AAFC1E2C37850050540F /* Debug */ = {
			isa = XCBuildConfiguration;
			buildSettings = {
				ALWAYS_SEARCH_USER_PATHS = NO;
				CLANG_ANALYZER_NONNULL = YES;
				CLANG_CXX_LANGUAGE_STANDARD = "gnu++0x";
				CLANG_CXX_LIBRARY = "libc++";
				CLANG_ENABLE_MODULES = YES;
				CLANG_ENABLE_OBJC_ARC = YES;
				CLANG_WARN_BLOCK_CAPTURE_AUTORELEASING = YES;
				CLANG_WARN_BOOL_CONVERSION = YES;
				CLANG_WARN_COMMA = YES;
				CLANG_WARN_CONSTANT_CONVERSION = YES;
				CLANG_WARN_DIRECT_OBJC_ISA_USAGE = YES_ERROR;
				CLANG_WARN_DOCUMENTATION_COMMENTS = YES;
				CLANG_WARN_EMPTY_BODY = YES;
				CLANG_WARN_ENUM_CONVERSION = YES;
				CLANG_WARN_INFINITE_RECURSION = YES;
				CLANG_WARN_INT_CONVERSION = YES;
				CLANG_WARN_NON_LITERAL_NULL_CONVERSION = YES;
				CLANG_WARN_OBJC_LITERAL_CONVERSION = YES;
				CLANG_WARN_OBJC_ROOT_CLASS = YES_ERROR;
				CLANG_WARN_RANGE_LOOP_ANALYSIS = YES;
				CLANG_WARN_STRICT_PROTOTYPES = YES;
				CLANG_WARN_SUSPICIOUS_MOVE = YES;
				CLANG_WARN_UNREACHABLE_CODE = YES;
				CLANG_WARN__DUPLICATE_METHOD_MATCH = YES;
				CODE_SIGN_IDENTITY = "Mac Developer";
				COPY_PHASE_STRIP = NO;
				DEAD_CODE_STRIPPING = YES;
				DEBUG_INFORMATION_FORMAT = dwarf;
				DEVELOPMENT_TEAM = 628J9L7WK5;
				ENABLE_STRICT_OBJC_MSGSEND = YES;
				ENABLE_TESTABILITY = YES;
				GCC_C_LANGUAGE_STANDARD = c11;
				GCC_DYNAMIC_NO_PIC = NO;
				GCC_NO_COMMON_BLOCKS = YES;
				GCC_OPTIMIZATION_LEVEL = 0;
				GCC_PREPROCESSOR_DEFINITIONS = (
					"DEBUG=1",
					"$(inherited)",
				);
				GCC_WARN_64_TO_32_BIT_CONVERSION = YES;
				GCC_WARN_ABOUT_RETURN_TYPE = YES_ERROR;
				GCC_WARN_UNDECLARED_SELECTOR = YES;
				GCC_WARN_UNINITIALIZED_AUTOS = YES_AGGRESSIVE;
				GCC_WARN_UNUSED_FUNCTION = YES;
				GCC_WARN_UNUSED_VARIABLE = YES;
				IPHONEOS_DEPLOYMENT_TARGET = 9.3;
				LLVM_LTO = YES_THIN;
				MACOSX_DEPLOYMENT_TARGET = 10.10;
				MTL_ENABLE_DEBUG_INFO = YES;
				ONLY_ACTIVE_ARCH = YES;
				OTHER_CFLAGS = (
					"$(inherited)",
					"-funsigned-char",
				);
				SDKROOT = macosx;
				SUPPORTED_PLATFORMS = "macosx iphoneos";
				VALID_ARCHS = "arm64 x86_64";
				WARNING_CFLAGS = (
					"-ferror-limit=1024",
					"-Weverything",
					"-Wno-c99-compat",
					"-Wno-conversion",
				);
			};
			name = Debug;
		};
		2C09AAFD1E2C37850050540F /* Release */ = {
			isa = XCBuildConfiguration;
			buildSettings = {
				ALWAYS_SEARCH_USER_PATHS = NO;
				CLANG_ANALYZER_NONNULL = YES;
				CLANG_CXX_LANGUAGE_STANDARD = "gnu++0x";
				CLANG_CXX_LIBRARY = "libc++";
				CLANG_ENABLE_MODULES = YES;
				CLANG_ENABLE_OBJC_ARC = YES;
				CLANG_WARN_BLOCK_CAPTURE_AUTORELEASING = YES;
				CLANG_WARN_BOOL_CONVERSION = YES;
				CLANG_WARN_COMMA = YES;
				CLANG_WARN_CONSTANT_CONVERSION = YES;
				CLANG_WARN_DIRECT_OBJC_ISA_USAGE = YES_ERROR;
				CLANG_WARN_DOCUMENTATION_COMMENTS = YES;
				CLANG_WARN_EMPTY_BODY = YES;
				CLANG_WARN_ENUM_CONVERSION = YES;
				CLANG_WARN_INFINITE_RECURSION = YES;
				CLANG_WARN_INT_CONVERSION = YES;
				CLANG_WARN_NON_LITERAL_NULL_CONVERSION = YES;
				CLANG_WARN_OBJC_LITERAL_CONVERSION = YES;
				CLANG_WARN_OBJC_ROOT_CLASS = YES_ERROR;
				CLANG_WARN_RANGE_LOOP_ANALYSIS = YES;
				CLANG_WARN_STRICT_PROTOTYPES = YES;
				CLANG_WARN_SUSPICIOUS_MOVE = YES;
				CLANG_WARN_UNREACHABLE_CODE = YES;
				CLANG_WARN__DUPLICATE_METHOD_MATCH = YES;
				CODE_SIGN_IDENTITY = "Mac Developer";
				COPY_PHASE_STRIP = YES;
				DEAD_CODE_STRIPPING = YES;
				DEBUG_INFORMATION_FORMAT = "dwarf-with-dsym";
				DEVELOPMENT_TEAM = 628J9L7WK5;
				ENABLE_NS_ASSERTIONS = NO;
				ENABLE_STRICT_OBJC_MSGSEND = YES;
				GCC_C_LANGUAGE_STANDARD = c11;
				GCC_GENERATE_DEBUGGING_SYMBOLS = NO;
				GCC_NO_COMMON_BLOCKS = YES;
				GCC_OPTIMIZATION_LEVEL = fast;
				GCC_WARN_64_TO_32_BIT_CONVERSION = YES;
				GCC_WARN_ABOUT_RETURN_TYPE = YES_ERROR;
				GCC_WARN_UNDECLARED_SELECTOR = YES;
				GCC_WARN_UNINITIALIZED_AUTOS = YES_AGGRESSIVE;
				GCC_WARN_UNUSED_FUNCTION = YES;
				GCC_WARN_UNUSED_VARIABLE = YES;
				IPHONEOS_DEPLOYMENT_TARGET = 9.3;
				LLVM_LTO = YES_THIN;
				MACOSX_DEPLOYMENT_TARGET = 10.10;
				MTL_ENABLE_DEBUG_INFO = NO;
				OTHER_CFLAGS = (
					"$(inherited)",
					"-funsigned-char",
				);
				SDKROOT = macosx;
				SUPPORTED_PLATFORMS = "macosx iphoneos";
				VALID_ARCHS = "arm64 x86_64";
				WARNING_CFLAGS = (
					"-ferror-limit=1024",
					"-Weverything",
					"-Wno-c99-compat",
					"-Wno-conversion",
				);
			};
			name = Release;
		};
		2C4C54221E37608000F71507 /* Debug */ = {
			isa = XCBuildConfiguration;
			buildSettings = {
				COPY_PHASE_STRIP = NO;
				DEVELOPMENT_TEAM = 628J9L7WK5;
				EXECUTABLE_PREFIX = "";
				GCC_C_LANGUAGE_STANDARD = c11;
				LIBRARY_SEARCH_PATHS = (
					"$(inherited)",
					/usr/local/Packages/libBitIO/lib,
				);
				PRODUCT_NAME = "$(TARGET_NAME)";
				STRIP_INSTALLED_PRODUCT = NO;
				STRIP_STYLE = all;
			};
			name = Debug;
		};
		2C4C54231E37608000F71507 /* Release */ = {
			isa = XCBuildConfiguration;
			buildSettings = {
				COPY_PHASE_STRIP = YES;
				DEPLOYMENT_POSTPROCESSING = YES;
				DEVELOPMENT_TEAM = 628J9L7WK5;
				EXECUTABLE_PREFIX = "";
				GCC_C_LANGUAGE_STANDARD = c11;
				GCC_OPTIMIZATION_LEVEL = s;
				LIBRARY_SEARCH_PATHS = (
					"$(inherited)",
					/usr/local/Packages/libBitIO/lib,
				);
				PRODUCT_NAME = "$(TARGET_NAME)";
				STRIP_STYLE = all;
			};
			name = Release;
		};
/* End XCBuildConfiguration section */

/* Begin XCConfigurationList section */
		2C09AAF51E2C37850050540F /* Build configuration list for PBXProject "libMPEG2Stream" */ = {
			isa = XCConfigurationList;
			buildConfigurations = (
				2C09AAFC1E2C37850050540F /* Debug */,
				2C09AAFD1E2C37850050540F /* Release */,
			);
			defaultConfigurationIsVisible = 0;
			defaultConfigurationName = Release;
		};
		2C4C54211E37608000F71507 /* Build configuration list for PBXNativeTarget "libMPEG2Stream" */ = {
			isa = XCConfigurationList;
			buildConfigurations = (
				2C4C54221E37608000F71507 /* Debug */,
				2C4C54231E37608000F71507 /* Release */,
			);
			defaultConfigurationIsVisible = 0;
			defaultConfigurationName = Release;
		};
/* End XCConfigurationList section */
	};
	rootObject = 2C09AAF21E2C37850050540F /* Project object */;
}
